
Microsoft Visual Studio Solution File, Format Version 12.00
# Visual Studio Version 17
VisualStudioVersion = 17.7.34221.43
MinimumVisualStudioVersion = 10.0.40219.1
Project("{9A19103F-16F7-4668-BE54-9A1E7A4F7556}") = "API.Core", "API.Core\API.Core.csproj", "{B5DFACAA-63FE-433D-B488-C40D907DAF7B}"
EndProject
Project("{9A19103F-16F7-4668-BE54-9A1E7A4F7556}") = "API.Objects", "API.Objects\API.Objects.csproj", "{6E2591C2-FFAA-44DC-A6BD-8BA634B77C93}"
EndProject
Project("{FAE04EC0-301F-11D3-BF4B-00C04F79EFBC}") = "API.Tests", "API.Tests\API.Tests.csproj", "{F5F04B8A-E76F-4949-9A59-2999511EB3A1}"
EndProject
Global
	GlobalSection(SolutionConfigurationPlatforms) = preSolution
		Debug|Any CPU = Debug|Any CPU
		Release|Any CPU = Release|Any CPU
	EndGlobalSection
	GlobalSection(ProjectConfigurationPlatforms) = postSolution
		{B5DFACAA-63FE-433D-B488-C40D907DAF7B}.Debug|Any CPU.ActiveCfg = Debug|Any CPU
		{B5DFACAA-63FE-433D-B488-C40D907DAF7B}.Debug|Any CPU.Build.0 = Debug|Any CPU
		{B5DFACAA-63FE-433D-B488-C40D907DAF7B}.Release|Any CPU.ActiveCfg = Release|Any CPU
		{B5DFACAA-63FE-433D-B488-C40D907DAF7B}.Release|Any CPU.Build.0 = Release|Any CPU
		{6E2591C2-FFAA-44DC-A6BD-8BA634B77C93}.Debug|Any CPU.ActiveCfg = Debug|Any CPU
		{6E2591C2-FFAA-44DC-A6BD-8BA634B77C93}.Debug|Any CPU.Build.0 = Debug|Any CPU
		{6E2591C2-FFAA-44DC-A6BD-8BA634B77C93}.Release|Any CPU.ActiveCfg = Release|Any CPU
		{6E2591C2-FFAA-44DC-A6BD-8BA634B77C93}.Release|Any CPU.Build.0 = Release|Any CPU
		{F5F04B8A-E76F-4949-9A59-2999511EB3A1}.Debug|Any CPU.ActiveCfg = Debug|Any CPU
		{F5F04B8A-E76F-4949-9A59-2999511EB3A1}.Debug|Any CPU.Build.0 = Debug|Any CPU
		{F5F04B8A-E76F-4949-9A59-2999511EB3A1}.Release|Any CPU.ActiveCfg = Release|Any CPU
		{F5F04B8A-E76F-4949-9A59-2999511EB3A1}.Release|Any CPU.Build.0 = Release|Any CPU
	EndGlobalSection
	GlobalSection(SolutionProperties) = preSolution
		HideSolutionNode = FALSE
	EndGlobalSection
	GlobalSection(ExtensibilityGlobals) = postSolution
		SolutionGuid = {8258EA80-6FCB-4B7C-B011-470595088279}
	EndGlobalSection
EndGlobal
